
Microsoft Visual Studio Solution File, Format Version 12.00
# Visual Studio 15
VisualStudioVersion = 15.0.27130.2020
MinimumVisualStudioVersion = 10.0.40219.1
Project("{9A19103F-16F7-4668-BE54-9A1E7A4F7556}") = "SmallLang", "SmallLang\SmallLang.csproj", "{62A5B7E5-FC26-4B88-944D-E61CE79D5D0A}"
EndProject
Project("{FAE04EC0-301F-11D3-BF4B-00C04F79EFBC}") = "SmallLangTest", "SmallLangTest\SmallLangTest.csproj", "{4882D217-468B-4D78-B1DC-C9C7E6B60360}"
EndProject
Global
	GlobalSection(SolutionConfigurationPlatforms) = preSolution
		Debug|Any CPU = Debug|Any CPU
		Release|Any CPU = Release|Any CPU
	EndGlobalSection
	GlobalSection(ProjectConfigurationPlatforms) = postSolution
		{62A5B7E5-FC26-4B88-944D-E61CE79D5D0A}.Debug|Any CPU.ActiveCfg = Debug|Any CPU
		{62A5B7E5-FC26-4B88-944D-E61CE79D5D0A}.Debug|Any CPU.Build.0 = Debug|Any CPU
		{62A5B7E5-FC26-4B88-944D-E61CE79D5D0A}.Release|Any CPU.ActiveCfg = Release|Any CPU
		{62A5B7E5-FC26-4B88-944D-E61CE79D5D0A}.Release|Any CPU.Build.0 = Release|Any CPU
		{4882D217-468B-4D78-B1DC-C9C7E6B60360}.Debug|Any CPU.ActiveCfg = Debug|Any CPU
		{4882D217-468B-4D78-B1DC-C9C7E6B60360}.Debug|Any CPU.Build.0 = Debug|Any CPU
		{4882D217-468B-4D78-B1DC-C9C7E6B60360}.Release|Any CPU.ActiveCfg = Release|Any CPU
		{4882D217-468B-4D78-B1DC-C9C7E6B60360}.Release|Any CPU.Build.0 = Release|Any CPU
	EndGlobalSection
	GlobalSection(SolutionProperties) = preSolution
		HideSolutionNode = FALSE
	EndGlobalSection
	GlobalSection(ExtensibilityGlobals) = postSolution
		SolutionGuid = {E7DFFCD4-9901-4458-AC60-E6EEEAE814BE}
	EndGlobalSection
EndGlobal
